// !$*UTF8*$!
{
	archiveVersion = 1;
	classes = {
	};
	objectVersion = 50;
	objects = {

/* Begin PBXBuildFile section */
		750DC583262EEC3A00E0EAB7 /* FruitNutrientsView.swift in Sources */ = {isa = PBXBuildFile; fileRef = 750DC582262EEC3A00E0EAB7 /* FruitNutrientsView.swift */; };
		750DC586262F1B3300E0EAB7 /* SettingsView.swift in Sources */ = {isa = PBXBuildFile; fileRef = 750DC585262F1B3300E0EAB7 /* SettingsView.swift */; };
		755BA0082630B26F004878F8 /* SettingsRowView.swift in Sources */ = {isa = PBXBuildFile; fileRef = 755BA0072630B26F004878F8 /* SettingsRowView.swift */; };
		758C22F5262DA3CD00BE866C /* FruitModel.swift in Sources */ = {isa = PBXBuildFile; fileRef = 758C22F4262DA3CD00BE866C /* FruitModel.swift */; };
		758C22FA262DA4DC00BE866C /* FruitData.swift in Sources */ = {isa = PBXBuildFile; fileRef = 758C22F9262DA4DC00BE866C /* FruitData.swift */; };
		758F1776262E206F00EBE461 /* FruitRowView.swift in Sources */ = {isa = PBXBuildFile; fileRef = 758F1775262E206F00EBE461 /* FruitRowView.swift */; };
		758F177B262E552400EBE461 /* FruitDetailView.swift in Sources */ = {isa = PBXBuildFile; fileRef = 758F177A262E552400EBE461 /* FruitDetailView.swift */; };
		758F177E262E645000EBE461 /* FruitHeaderView.swift in Sources */ = {isa = PBXBuildFile; fileRef = 758F177D262E645000EBE461 /* FruitHeaderView.swift */; };
		758F1781262E667800EBE461 /* SourceLinkView.swift in Sources */ = {isa = PBXBuildFile; fileRef = 758F1780262E667800EBE461 /* SourceLinkView.swift */; };
		75AE4CF4262CDB4F00BABC42 /* FructusApp.swift in Sources */ = {isa = PBXBuildFile; fileRef = 75AE4CF3262CDB4F00BABC42 /* FructusApp.swift */; };
		75AE4CF6262CDB4F00BABC42 /* ContentView.swift in Sources */ = {isa = PBXBuildFile; fileRef = 75AE4CF5262CDB4F00BABC42 /* ContentView.swift */; };
		75AE4CF8262CDB5000BABC42 /* Assets.xcassets in Resources */ = {isa = PBXBuildFile; fileRef = 75AE4CF7262CDB5000BABC42 /* Assets.xcassets */; };
		75AE4CFB262CDB5000BABC42 /* Preview Assets.xcassets in Resources */ = {isa = PBXBuildFile; fileRef = 75AE4CFA262CDB5000BABC42 /* Preview Assets.xcassets */; };
		75AE4D08262CEB9B00BABC42 /* FruitCardView.swift in Sources */ = {isa = PBXBuildFile; fileRef = 75AE4D07262CEB9B00BABC42 /* FruitCardView.swift */; };
		75AE4D0B262D020100BABC42 /* StartButtonView.swift in Sources */ = {isa = PBXBuildFile; fileRef = 75AE4D0A262D020100BABC42 /* StartButtonView.swift */; };
		75AE4D0E262D04A500BABC42 /* OnboardingView.swift in Sources */ = {isa = PBXBuildFile; fileRef = 75AE4D0D262D04A500BABC42 /* OnboardingView.swift */; };
		75D37CC8262F4153005BCB54 /* SettingsLabelView.swift in Sources */ = {isa = PBXBuildFile; fileRef = 75D37CC7262F4152005BCB54 /* SettingsLabelView.swift */; };
/* End PBXBuildFile section */

/* Begin PBXFileReference section */
		750DC582262EEC3A00E0EAB7 /* FruitNutrientsView.swift */ = {isa = PBXFileReference; lastKnownFileType = sourcecode.swift; path = FruitNutrientsView.swift; sourceTree = "<group>"; };
		750DC585262F1B3300E0EAB7 /* SettingsView.swift */ = {isa = PBXFileReference; lastKnownFileType = sourcecode.swift; path = SettingsView.swift; sourceTree = "<group>"; };
		755BA0072630B26F004878F8 /* SettingsRowView.swift */ = {isa = PBXFileReference; lastKnownFileType = sourcecode.swift; path = SettingsRowView.swift; sourceTree = "<group>"; };
		758C22F4262DA3CD00BE866C /* FruitModel.swift */ = {isa = PBXFileReference; lastKnownFileType = sourcecode.swift; path = FruitModel.swift; sourceTree = "<group>"; };
		758C22F9262DA4DC00BE866C /* FruitData.swift */ = {isa = PBXFileReference; lastKnownFileType = sourcecode.swift; path = FruitData.swift; sourceTree = "<group>"; };
		758F1775262E206F00EBE461 /* FruitRowView.swift */ = {isa = PBXFileReference; lastKnownFileType = sourcecode.swift; path = FruitRowView.swift; sourceTree = "<group>"; };
		758F177A262E552400EBE461 /* FruitDetailView.swift */ = {isa = PBXFileReference; lastKnownFileType = sourcecode.swift; path = FruitDetailView.swift; sourceTree = "<group>"; };
		758F177D262E645000EBE461 /* FruitHeaderView.swift */ = {isa = PBXFileReference; lastKnownFileType = sourcecode.swift; path = FruitHeaderView.swift; sourceTree = "<group>"; };
		758F1780262E667800EBE461 /* SourceLinkView.swift */ = {isa = PBXFileReference; lastKnownFileType = sourcecode.swift; path = SourceLinkView.swift; sourceTree = "<group>"; };
		75AE4CF0262CDB4F00BABC42 /* Fructus.app */ = {isa = PBXFileReference; explicitFileType = wrapper.application; includeInIndex = 0; path = Fructus.app; sourceTree = BUILT_PRODUCTS_DIR; };
		75AE4CF3262CDB4F00BABC42 /* FructusApp.swift */ = {isa = PBXFileReference; lastKnownFileType = sourcecode.swift; path = FructusApp.swift; sourceTree = "<group>"; };
		75AE4CF5262CDB4F00BABC42 /* ContentView.swift */ = {isa = PBXFileReference; lastKnownFileType = sourcecode.swift; path = ContentView.swift; sourceTree = "<group>"; };
		75AE4CF7262CDB5000BABC42 /* Assets.xcassets */ = {isa = PBXFileReference; lastKnownFileType = folder.assetcatalog; path = Assets.xcassets; sourceTree = "<group>"; };
		75AE4CFA262CDB5000BABC42 /* Preview Assets.xcassets */ = {isa = PBXFileReference; lastKnownFileType = folder.assetcatalog; path = "Preview Assets.xcassets"; sourceTree = "<group>"; };
		75AE4CFC262CDB5000BABC42 /* Info.plist */ = {isa = PBXFileReference; lastKnownFileType = text.plist.xml; path = Info.plist; sourceTree = "<group>"; };
		75AE4D07262CEB9B00BABC42 /* FruitCardView.swift */ = {isa = PBXFileReference; lastKnownFileType = sourcecode.swift; path = FruitCardView.swift; sourceTree = "<group>"; };
		75AE4D0A262D020100BABC42 /* StartButtonView.swift */ = {isa = PBXFileReference; lastKnownFileType = sourcecode.swift; path = StartButtonView.swift; sourceTree = "<group>"; };
		75AE4D0D262D04A500BABC42 /* OnboardingView.swift */ = {isa = PBXFileReference; lastKnownFileType = sourcecode.swift; path = OnboardingView.swift; sourceTree = "<group>"; };
		75D37CC7262F4152005BCB54 /* SettingsLabelView.swift */ = {isa = PBXFileReference; lastKnownFileType = sourcecode.swift; path = SettingsLabelView.swift; sourceTree = "<group>"; };
/* End PBXFileReference section */

/* Begin PBXFrameworksBuildPhase section */
		75AE4CED262CDB4F00BABC42 /* Frameworks */ = {
			isa = PBXFrameworksBuildPhase;
			buildActionMask = 2147483647;
			files = (
			);
			runOnlyForDeploymentPostprocessing = 0;
		};
/* End PBXFrameworksBuildPhase section */

/* Begin PBXGroup section */
		758C22F3262DA3B100BE866C /* Model */ = {
			isa = PBXGroup;
			children = (
				758C22F4262DA3CD00BE866C /* FruitModel.swift */,
			);
			path = Model;
			sourceTree = "<group>";
		};
		758C22F8262DA4CC00BE866C /* Data */ = {
			isa = PBXGroup;
			children = (
				758C22F9262DA4DC00BE866C /* FruitData.swift */,
			);
			path = Data;
			sourceTree = "<group>";
		};
		75AE4CE7262CDB4F00BABC42 = {
			isa = PBXGroup;
			children = (
				75AE4CF2262CDB4F00BABC42 /* Fructus */,
				75AE4CF1262CDB4F00BABC42 /* Products */,
			);
			sourceTree = "<group>";
		};
		75AE4CF1262CDB4F00BABC42 /* Products */ = {
			isa = PBXGroup;
			children = (
				75AE4CF0262CDB4F00BABC42 /* Fructus.app */,
			);
			name = Products;
			sourceTree = "<group>";
		};
		75AE4CF2262CDB4F00BABC42 /* Fructus */ = {
			isa = PBXGroup;
			children = (
				758C22F8262DA4CC00BE866C /* Data */,
				758C22F3262DA3B100BE866C /* Model */,
				75AE4D06262CEB7100BABC42 /* View */,
				75AE4D04262CEB4000BABC42 /* App */,
				75AE4CF7262CDB5000BABC42 /* Assets.xcassets */,
				75AE4CFC262CDB5000BABC42 /* Info.plist */,
				75AE4CF9262CDB5000BABC42 /* Preview Content */,
			);
			path = Fructus;
			sourceTree = "<group>";
		};
		75AE4CF9262CDB5000BABC42 /* Preview Content */ = {
			isa = PBXGroup;
			children = (
				75AE4CFA262CDB5000BABC42 /* Preview Assets.xcassets */,
			);
			path = "Preview Content";
			sourceTree = "<group>";
		};
		75AE4D04262CEB4000BABC42 /* App */ = {
			isa = PBXGroup;
			children = (
				75AE4CF3262CDB4F00BABC42 /* FructusApp.swift */,
				75AE4CF5262CDB4F00BABC42 /* ContentView.swift */,
				75AE4D0D262D04A500BABC42 /* OnboardingView.swift */,
				758F177A262E552400EBE461 /* FruitDetailView.swift */,
				750DC585262F1B3300E0EAB7 /* SettingsView.swift */,
			);
			path = App;
			sourceTree = "<group>";
		};
		75AE4D06262CEB7100BABC42 /* View */ = {
			isa = PBXGroup;
			children = (
				75AE4D07262CEB9B00BABC42 /* FruitCardView.swift */,
				75AE4D0A262D020100BABC42 /* StartButtonView.swift */,
				758F1775262E206F00EBE461 /* FruitRowView.swift */,
				758F177D262E645000EBE461 /* FruitHeaderView.swift */,
				758F1780262E667800EBE461 /* SourceLinkView.swift */,
				750DC582262EEC3A00E0EAB7 /* FruitNutrientsView.swift */,
				75D37CC7262F4152005BCB54 /* SettingsLabelView.swift */,
				755BA0072630B26F004878F8 /* SettingsRowView.swift */,
			);
			path = View;
			sourceTree = "<group>";
		};
/* End PBXGroup section */

/* Begin PBXNativeTarget section */
		75AE4CEF262CDB4F00BABC42 /* Fructus */ = {
			isa = PBXNativeTarget;
			buildConfigurationList = 75AE4CFF262CDB5000BABC42 /* Build configuration list for PBXNativeTarget "Fructus" */;
			buildPhases = (
				75AE4CEC262CDB4F00BABC42 /* Sources */,
				75AE4CED262CDB4F00BABC42 /* Frameworks */,
				75AE4CEE262CDB4F00BABC42 /* Resources */,
			);
			buildRules = (
			);
			dependencies = (
			);
			name = Fructus;
			productName = Fructus;
			productReference = 75AE4CF0262CDB4F00BABC42 /* Fructus.app */;
			productType = "com.apple.product-type.application";
		};
/* End PBXNativeTarget section */

/* Begin PBXProject section */
		75AE4CE8262CDB4F00BABC42 /* Project object */ = {
			isa = PBXProject;
			attributes = {
				LastSwiftUpdateCheck = 1240;
				LastUpgradeCheck = 1240;
				TargetAttributes = {
					75AE4CEF262CDB4F00BABC42 = {
						CreatedOnToolsVersion = 12.4;
					};
				};
			};
			buildConfigurationList = 75AE4CEB262CDB4F00BABC42 /* Build configuration list for PBXProject "Fructus" */;
			compatibilityVersion = "Xcode 9.3";
			developmentRegion = en;
			hasScannedForEncodings = 0;
			knownRegions = (
				en,
				Base,
			);
			mainGroup = 75AE4CE7262CDB4F00BABC42;
			productRefGroup = 75AE4CF1262CDB4F00BABC42 /* Products */;
			projectDirPath = "";
			projectRoot = "";
			targets = (
				75AE4CEF262CDB4F00BABC42 /* Fructus */,
			);
		};
/* End PBXProject section */

/* Begin PBXResourcesBuildPhase section */
		75AE4CEE262CDB4F00BABC42 /* Resources */ = {
			isa = PBXResourcesBuildPhase;
			buildActionMask = 2147483647;
			files = (
				75AE4CFB262CDB5000BABC42 /* Preview Assets.xcassets in Resources */,
				75AE4CF8262CDB5000BABC42 /* Assets.xcassets in Resources */,
			);
			runOnlyForDeploymentPostprocessing = 0;
		};
/* End PBXResourcesBuildPhase section */

/* Begin PBXSourcesBuildPhase section */
		75AE4CEC262CDB4F00BABC42 /* Sources */ = {
			isa = PBXSourcesBuildPhase;
			buildActionMask = 2147483647;
			files = (
				758C22FA262DA4DC00BE866C /* FruitData.swift in Sources */,
				758F1781262E667800EBE461 /* SourceLinkView.swift in Sources */,
				755BA0082630B26F004878F8 /* SettingsRowView.swift in Sources */,
				75AE4D08262CEB9B00BABC42 /* FruitCardView.swift in Sources */,
				758F1776262E206F00EBE461 /* FruitRowView.swift in Sources */,
				750DC583262EEC3A00E0EAB7 /* FruitNutrientsView.swift in Sources */,
				75AE4D0B262D020100BABC42 /* StartButtonView.swift in Sources */,
				758F177B262E552400EBE461 /* FruitDetailView.swift in Sources */,
				75AE4CF6262CDB4F00BABC42 /* ContentView.swift in Sources */,
				758F177E262E645000EBE461 /* FruitHeaderView.swift in Sources */,
				75AE4D0E262D04A500BABC42 /* OnboardingView.swift in Sources */,
				75D37CC8262F4153005BCB54 /* SettingsLabelView.swift in Sources */,
				758C22F5262DA3CD00BE866C /* FruitModel.swift in Sources */,
				75AE4CF4262CDB4F00BABC42 /* FructusApp.swift in Sources */,
				750DC586262F1B3300E0EAB7 /* SettingsView.swift in Sources */,
			);
			runOnlyForDeploymentPostprocessing = 0;
		};
/* End PBXSourcesBuildPhase section */

/* Begin XCBuildConfiguration section */
		75AE4CFD262CDB5000BABC42 /* Debug */ = {
			isa = XCBuildConfiguration;
			buildSettings = {
				ALWAYS_SEARCH_USER_PATHS = NO;
				CLANG_ANALYZER_NONNULL = YES;
				CLANG_ANALYZER_NUMBER_OBJECT_CONVERSION = YES_AGGRESSIVE;
				CLANG_CXX_LANGUAGE_STANDARD = "gnu++14";
				CLANG_CXX_LIBRARY = "libc++";
				CLANG_ENABLE_MODULES = YES;
				CLANG_ENABLE_OBJC_ARC = YES;
				CLANG_ENABLE_OBJC_WEAK = YES;
				CLANG_WARN_BLOCK_CAPTURE_AUTORELEASING = YES;
				CLANG_WARN_BOOL_CONVERSION = YES;
				CLANG_WARN_COMMA = YES;
				CLANG_WARN_CONSTANT_CONVERSION = YES;
				CLANG_WARN_DEPRECATED_OBJC_IMPLEMENTATIONS = YES;
				CLANG_WARN_DIRECT_OBJC_ISA_USAGE = YES_ERROR;
				CLANG_WARN_DOCUMENTATION_COMMENTS = YES;
				CLANG_WARN_EMPTY_BODY = YES;
				CLANG_WARN_ENUM_CONVERSION = YES;
				CLANG_WARN_INFINITE_RECURSION = YES;
				CLANG_WARN_INT_CONVERSION = YES;
				CLANG_WARN_NON_LITERAL_NULL_CONVERSION = YES;
				CLANG_WARN_OBJC_IMPLICIT_RETAIN_SELF = YES;
				CLANG_WARN_OBJC_LITERAL_CONVERSION = YES;
				CLANG_WARN_OBJC_ROOT_CLASS = YES_ERROR;
				CLANG_WARN_QUOTED_INCLUDE_IN_FRAMEWORK_HEADER = YES;
				CLANG_WARN_RANGE_LOOP_ANALYSIS = YES;
				CLANG_WARN_STRICT_PROTOTYPES = YES;
				CLANG_WARN_SUSPICIOUS_MOVE = YES;
				CLANG_WARN_UNGUARDED_AVAILABILITY = YES_AGGRESSIVE;
				CLANG_WARN_UNREACHABLE_CODE = YES;
				CLANG_WARN__DUPLICATE_METHOD_MATCH = YES;
				COPY_PHASE_STRIP = NO;
				DEBUG_INFORMATION_FORMAT = dwarf;
				ENABLE_STRICT_OBJC_MSGSEND = YES;
				ENABLE_TESTABILITY = YES;
				GCC_C_LANGUAGE_STANDARD = gnu11;
				GCC_DYNAMIC_NO_PIC = NO;
				GCC_NO_COMMON_BLOCKS = YES;
				GCC_OPTIMIZATION_LEVEL = 0;
				GCC_PREPROCESSOR_DEFINITIONS = (
					"DEBUG=1",
					"$(inherited)",
				);
				GCC_WARN_64_TO_32_BIT_CONVERSION = YES;
				GCC_WARN_ABOUT_RETURN_TYPE = YES_ERROR;
				GCC_WARN_UNDECLARED_SELECTOR = YES;
				GCC_WARN_UNINITIALIZED_AUTOS = YES_AGGRESSIVE;
				GCC_WARN_UNUSED_FUNCTION = YES;
				GCC_WARN_UNUSED_VARIABLE = YES;
				IPHONEOS_DEPLOYMENT_TARGET = 14.4;
				MTL_ENABLE_DEBUG_INFO = INCLUDE_SOURCE;
				MTL_FAST_MATH = YES;
				ONLY_ACTIVE_ARCH = YES;
				SDKROOT = iphoneos;
				SWIFT_ACTIVE_COMPILATION_CONDITIONS = DEBUG;
				SWIFT_OPTIMIZATION_LEVEL = "-Onone";
			};
			name = Debug;
		};
		75AE4CFE262CDB5000BABC42 /* Release */ = {
			isa = XCBuildConfiguration;
			buildSettings = {
				ALWAYS_SEARCH_USER_PATHS = NO;
				CLANG_ANALYZER_NONNULL = YES;
				CLANG_ANALYZER_NUMBER_OBJECT_CONVERSION = YES_AGGRESSIVE;
				CLANG_CXX_LANGUAGE_STANDARD = "gnu++14";
				CLANG_CXX_LIBRARY = "libc++";
				CLANG_ENABLE_MODULES = YES;
				CLANG_ENABLE_OBJC_ARC = YES;
				CLANG_ENABLE_OBJC_WEAK = YES;
				CLANG_WARN_BLOCK_CAPTURE_AUTORELEASING = YES;
				CLANG_WARN_BOOL_CONVERSION = YES;
				CLANG_WARN_COMMA = YES;
				CLANG_WARN_CONSTANT_CONVERSION = YES;
				CLANG_WARN_DEPRECATED_OBJC_IMPLEMENTATIONS = YES;
				CLANG_WARN_DIRECT_OBJC_ISA_USAGE = YES_ERROR;
				CLANG_WARN_DOCUMENTATION_COMMENTS = YES;
				CLANG_WARN_EMPTY_BODY = YES;
				CLANG_WARN_ENUM_CONVERSION = YES;
				CLANG_WARN_INFINITE_RECURSION = YES;
				CLANG_WARN_INT_CONVERSION = YES;
				CLANG_WARN_NON_LITERAL_NULL_CONVERSION = YES;
				CLANG_WARN_OBJC_IMPLICIT_RETAIN_SELF = YES;
				CLANG_WARN_OBJC_LITERAL_CONVERSION = YES;
				CLANG_WARN_OBJC_ROOT_CLASS = YES_ERROR;
				CLANG_WARN_QUOTED_INCLUDE_IN_FRAMEWORK_HEADER = YES;
				CLANG_WARN_RANGE_LOOP_ANALYSIS = YES;
				CLANG_WARN_STRICT_PROTOTYPES = YES;
				CLANG_WARN_SUSPICIOUS_MOVE = YES;
				CLANG_WARN_UNGUARDED_AVAILABILITY = YES_AGGRESSIVE;
				CLANG_WARN_UNREACHABLE_CODE = YES;
				CLANG_WARN__DUPLICATE_METHOD_MATCH = YES;
				COPY_PHASE_STRIP = NO;
				DEBUG_INFORMATION_FORMAT = "dwarf-with-dsym";
				ENABLE_NS_ASSERTIONS = NO;
				ENABLE_STRICT_OBJC_MSGSEND = YES;
				GCC_C_LANGUAGE_STANDARD = gnu11;
				GCC_NO_COMMON_BLOCKS = YES;
				GCC_WARN_64_TO_32_BIT_CONVERSION = YES;
				GCC_WARN_ABOUT_RETURN_TYPE = YES_ERROR;
				GCC_WARN_UNDECLARED_SELECTOR = YES;
				GCC_WARN_UNINITIALIZED_AUTOS = YES_AGGRESSIVE;
				GCC_WARN_UNUSED_FUNCTION = YES;
				GCC_WARN_UNUSED_VARIABLE = YES;
				IPHONEOS_DEPLOYMENT_TARGET = 14.4;
				MTL_ENABLE_DEBUG_INFO = NO;
				MTL_FAST_MATH = YES;
				SDKROOT = iphoneos;
				SWIFT_COMPILATION_MODE = wholemodule;
				SWIFT_OPTIMIZATION_LEVEL = "-O";
				VALIDATE_PRODUCT = YES;
			};
			name = Release;
		};
		75AE4D00262CDB5000BABC42 /* Debug */ = {
			isa = XCBuildConfiguration;
			buildSettings = {
				ASSETCATALOG_COMPILER_APPICON_NAME = AppIcon;
				ASSETCATALOG_COMPILER_GLOBAL_ACCENT_COLOR_NAME = AccentColor;
				CODE_SIGN_STYLE = Automatic;
				DEVELOPMENT_ASSET_PATHS = "\"Fructus/Preview Content\"";
				DEVELOPMENT_TEAM = Z28N59729C;
				ENABLE_PREVIEWS = YES;
				INFOPLIST_FILE = Fructus/Info.plist;
				IPHONEOS_DEPLOYMENT_TARGET = 14.1;
				LD_RUNPATH_SEARCH_PATHS = (
					"$(inherited)",
					"@executable_path/Frameworks",
				);
				PRODUCT_BUNDLE_IDENTIFIER = br.com.andersonsv.Fructus;
				PRODUCT_NAME = "$(TARGET_NAME)";
				SWIFT_VERSION = 5.0;
				TARGETED_DEVICE_FAMILY = "1,2";
			};
			name = Debug;
		};
		75AE4D01262CDB5000BABC42 /* Release */ = {
			isa = XCBuildConfiguration;
			buildSettings = {
				ASSETCATALOG_COMPILER_APPICON_NAME = AppIcon;
				ASSETCATALOG_COMPILER_GLOBAL_ACCENT_COLOR_NAME = AccentColor;
				CODE_SIGN_STYLE = Automatic;
				DEVELOPMENT_ASSET_PATHS = "\"Fructus/Preview Content\"";
				DEVELOPMENT_TEAM = Z28N59729C;
				ENABLE_PREVIEWS = YES;
				INFOPLIST_FILE = Fructus/Info.plist;
				IPHONEOS_DEPLOYMENT_TARGET = 14.1;
				LD_RUNPATH_SEARCH_PATHS = (
					"$(inherited)",
					"@executable_path/Frameworks",
				);
				PRODUCT_BUNDLE_IDENTIFIER = br.com.andersonsv.Fructus;
				PRODUCT_NAME = "$(TARGET_NAME)";
				SWIFT_VERSION = 5.0;
				TARGETED_DEVICE_FAMILY = "1,2";
			};
			name = Release;
		};
/* End XCBuildConfiguration section */

/* Begin XCConfigurationList section */
		75AE4CEB262CDB4F00BABC42 /* Build configuration list for PBXProject "Fructus" */ = {
			isa = XCConfigurationList;
			buildConfigurations = (
				75AE4CFD262CDB5000BABC42 /* Debug */,
				75AE4CFE262CDB5000BABC42 /* Release */,
			);
			defaultConfigurationIsVisible = 0;
			defaultConfigurationName = Release;
		};
		75AE4CFF262CDB5000BABC42 /* Build configuration list for PBXNativeTarget "Fructus" */ = {
			isa = XCConfigurationList;
			buildConfigurations = (
				75AE4D00262CDB5000BABC42 /* Debug */,
				75AE4D01262CDB5000BABC42 /* Release */,
			);
			defaultConfigurationIsVisible = 0;
			defaultConfigurationName = Release;
		};
/* End XCConfigurationList section */
	};
	rootObject = 75AE4CE8262CDB4F00BABC42 /* Project object */;
}
